
Microsoft Visual Studio Solution File, Format Version 12.00
# Visual Studio Version 16
VisualStudioVersion = 16.0.29403.142
MinimumVisualStudioVersion = 10.0.40219.1
Project("{2150E333-8FDC-42A3-9474-1A3956D46DE8}") = "src", "src", "{206E2DB3-C359-448A-A4F1-8310BBF7ADC9}"
EndProject
Project("{2150E333-8FDC-42A3-9474-1A3956D46DE8}") = "test", "test", "{2002C49D-B1A0-4F2A-8443-E940339EF1E8}"
EndProject
Project("{9A19103F-16F7-4668-BE54-9A1E7A4F7556}") = "Extensions.EntityFrameworkCore.DataMigraton.Test", "test\Extensions.EntityFrameworkCore.DataMigraton.Test\Extensions.EntityFrameworkCore.DataMigraton.Test.csproj", "{7F0833FE-2DB3-4017-90C4-281E79F5254D}"
EndProject
Project("{9A19103F-16F7-4668-BE54-9A1E7A4F7556}") = "Extensions.EntityFrameworkCore.DataMigration", "src\Extensions.EntityFrameworkCore.DataMigration\Extensions.EntityFrameworkCore.DataMigration.csproj", "{1A6B9EF4-FE32-40DA-916C-E61201F96407}"
EndProject
Project("{9A19103F-16F7-4668-BE54-9A1E7A4F7556}") = "Extensions.EntityFramework.DataMigration", "src\Extensions.EntityFramework.DataMigration\Extensions.EntityFramework.DataMigration.csproj", "{8F1BF6AA-DE13-4874-B8A6-F6D5D59359E1}"
EndProject
Project("{9A19103F-16F7-4668-BE54-9A1E7A4F7556}") = "Extensions.EntityFramework.DataMigraton.Test", "test\Extensions.EntityFramework.DataMigraton.Test\Extensions.EntityFramework.DataMigraton.Test.csproj", "{826448F1-A293-4A0A-8EC8-164C7DDD974E}"
EndProject
Project("{9A19103F-16F7-4668-BE54-9A1E7A4F7556}") = "Extensions.Test.Model", "test\Extensions.Test.Model\Extensions.Test.Model.csproj", "{2F38B2CB-0DC4-47DB-AD94-90B97B8EC18B}"
EndProject
Project("{FAE04EC0-301F-11D3-BF4B-00C04F79EFBC}") = "Extensions.EntityFrameworkCore.Database", "test\Extensions.EntityFrameworkCore.Database\Extensions.EntityFrameworkCore.Database.csproj", "{AB7B9FE5-27FE-4350-B28E-E2BBF016A56E}"
EndProject
Project("{FAE04EC0-301F-11D3-BF4B-00C04F79EFBC}") = "Extensions.EntityFrameworkCore.Migrations", "test\Extensions.EntityFrameworkCore.Migrations\Extensions.EntityFrameworkCore.Migrations.csproj", "{1FFA5EDD-D428-488F-9772-AACC3776D52B}"
EndProject
Project("{FAE04EC0-301F-11D3-BF4B-00C04F79EFBC}") = "Extensions.EntityFramework.Database", "test\Extensions.EntityFramework.Database\Extensions.EntityFramework.Database.csproj", "{AA252824-0560-47CF-994E-36364C12B108}"
EndProject
Project("{FAE04EC0-301F-11D3-BF4B-00C04F79EFBC}") = "Extensions.EntityFramework.Migration", "test\Extensions.EntityFramework.Migration\Extensions.EntityFramework.Migration.csproj", "{F5C61D95-4458-4534-A53C-AAAC770A82CA}"
EndProject
Project("{2150E333-8FDC-42A3-9474-1A3956D46DE8}") = "Setup", "Setup", "{42FEDBA7-2CE8-4BD2-A85F-661EC5F14714}"
EndProject
Global
	GlobalSection(SolutionConfigurationPlatforms) = preSolution
		Debug|Any CPU = Debug|Any CPU
		Release|Any CPU = Release|Any CPU
	EndGlobalSection
	GlobalSection(ProjectConfigurationPlatforms) = postSolution
		{7F0833FE-2DB3-4017-90C4-281E79F5254D}.Debug|Any CPU.ActiveCfg = Debug|Any CPU
		{7F0833FE-2DB3-4017-90C4-281E79F5254D}.Debug|Any CPU.Build.0 = Debug|Any CPU
		{7F0833FE-2DB3-4017-90C4-281E79F5254D}.Release|Any CPU.ActiveCfg = Release|Any CPU
		{7F0833FE-2DB3-4017-90C4-281E79F5254D}.Release|Any CPU.Build.0 = Release|Any CPU
		{1A6B9EF4-FE32-40DA-916C-E61201F96407}.Debug|Any CPU.ActiveCfg = Debug|Any CPU
		{1A6B9EF4-FE32-40DA-916C-E61201F96407}.Debug|Any CPU.Build.0 = Debug|Any CPU
		{1A6B9EF4-FE32-40DA-916C-E61201F96407}.Release|Any CPU.ActiveCfg = Release|Any CPU
		{1A6B9EF4-FE32-40DA-916C-E61201F96407}.Release|Any CPU.Build.0 = Release|Any CPU
		{8F1BF6AA-DE13-4874-B8A6-F6D5D59359E1}.Debug|Any CPU.ActiveCfg = Debug|Any CPU
		{8F1BF6AA-DE13-4874-B8A6-F6D5D59359E1}.Debug|Any CPU.Build.0 = Debug|Any CPU
		{8F1BF6AA-DE13-4874-B8A6-F6D5D59359E1}.Release|Any CPU.ActiveCfg = Release|Any CPU
		{8F1BF6AA-DE13-4874-B8A6-F6D5D59359E1}.Release|Any CPU.Build.0 = Release|Any CPU
		{826448F1-A293-4A0A-8EC8-164C7DDD974E}.Debug|Any CPU.ActiveCfg = Debug|Any CPU
		{826448F1-A293-4A0A-8EC8-164C7DDD974E}.Debug|Any CPU.Build.0 = Debug|Any CPU
		{826448F1-A293-4A0A-8EC8-164C7DDD974E}.Release|Any CPU.ActiveCfg = Release|Any CPU
		{826448F1-A293-4A0A-8EC8-164C7DDD974E}.Release|Any CPU.Build.0 = Release|Any CPU
		{2F38B2CB-0DC4-47DB-AD94-90B97B8EC18B}.Debug|Any CPU.ActiveCfg = Debug|Any CPU
		{2F38B2CB-0DC4-47DB-AD94-90B97B8EC18B}.Debug|Any CPU.Build.0 = Debug|Any CPU
		{2F38B2CB-0DC4-47DB-AD94-90B97B8EC18B}.Release|Any CPU.ActiveCfg = Release|Any CPU
		{2F38B2CB-0DC4-47DB-AD94-90B97B8EC18B}.Release|Any CPU.Build.0 = Release|Any CPU
		{AB7B9FE5-27FE-4350-B28E-E2BBF016A56E}.Debug|Any CPU.ActiveCfg = Debug|Any CPU
		{AB7B9FE5-27FE-4350-B28E-E2BBF016A56E}.Debug|Any CPU.Build.0 = Debug|Any CPU
		{AB7B9FE5-27FE-4350-B28E-E2BBF016A56E}.Release|Any CPU.ActiveCfg = Release|Any CPU
		{AB7B9FE5-27FE-4350-B28E-E2BBF016A56E}.Release|Any CPU.Build.0 = Release|Any CPU
		{1FFA5EDD-D428-488F-9772-AACC3776D52B}.Debug|Any CPU.ActiveCfg = Debug|Any CPU
		{1FFA5EDD-D428-488F-9772-AACC3776D52B}.Debug|Any CPU.Build.0 = Debug|Any CPU
		{1FFA5EDD-D428-488F-9772-AACC3776D52B}.Release|Any CPU.ActiveCfg = Release|Any CPU
		{1FFA5EDD-D428-488F-9772-AACC3776D52B}.Release|Any CPU.Build.0 = Release|Any CPU
		{AA252824-0560-47CF-994E-36364C12B108}.Debug|Any CPU.ActiveCfg = Debug|Any CPU
		{AA252824-0560-47CF-994E-36364C12B108}.Debug|Any CPU.Build.0 = Debug|Any CPU
		{AA252824-0560-47CF-994E-36364C12B108}.Release|Any CPU.ActiveCfg = Release|Any CPU
		{AA252824-0560-47CF-994E-36364C12B108}.Release|Any CPU.Build.0 = Release|Any CPU
		{F5C61D95-4458-4534-A53C-AAAC770A82CA}.Debug|Any CPU.ActiveCfg = Debug|Any CPU
		{F5C61D95-4458-4534-A53C-AAAC770A82CA}.Debug|Any CPU.Build.0 = Debug|Any CPU
		{F5C61D95-4458-4534-A53C-AAAC770A82CA}.Release|Any CPU.ActiveCfg = Release|Any CPU
		{F5C61D95-4458-4534-A53C-AAAC770A82CA}.Release|Any CPU.Build.0 = Release|Any CPU
	EndGlobalSection
	GlobalSection(SolutionProperties) = preSolution
		HideSolutionNode = FALSE
	EndGlobalSection
	GlobalSection(NestedProjects) = preSolution
		{7F0833FE-2DB3-4017-90C4-281E79F5254D} = {2002C49D-B1A0-4F2A-8443-E940339EF1E8}
		{1A6B9EF4-FE32-40DA-916C-E61201F96407} = {206E2DB3-C359-448A-A4F1-8310BBF7ADC9}
		{8F1BF6AA-DE13-4874-B8A6-F6D5D59359E1} = {206E2DB3-C359-448A-A4F1-8310BBF7ADC9}
		{826448F1-A293-4A0A-8EC8-164C7DDD974E} = {2002C49D-B1A0-4F2A-8443-E940339EF1E8}
		{2F38B2CB-0DC4-47DB-AD94-90B97B8EC18B} = {42FEDBA7-2CE8-4BD2-A85F-661EC5F14714}
		{AB7B9FE5-27FE-4350-B28E-E2BBF016A56E} = {42FEDBA7-2CE8-4BD2-A85F-661EC5F14714}
		{1FFA5EDD-D428-488F-9772-AACC3776D52B} = {42FEDBA7-2CE8-4BD2-A85F-661EC5F14714}
		{AA252824-0560-47CF-994E-36364C12B108} = {42FEDBA7-2CE8-4BD2-A85F-661EC5F14714}
		{F5C61D95-4458-4534-A53C-AAAC770A82CA} = {42FEDBA7-2CE8-4BD2-A85F-661EC5F14714}
		{42FEDBA7-2CE8-4BD2-A85F-661EC5F14714} = {2002C49D-B1A0-4F2A-8443-E940339EF1E8}
	EndGlobalSection
	GlobalSection(ExtensibilityGlobals) = postSolution
		SolutionGuid = {81533C8E-B1B5-4CB5-B61E-58EB0D9CBD88}
	EndGlobalSection
EndGlobal
